
Microsoft Visual Studio Solution File, Format Version 12.00
# Visual Studio Version 17
VisualStudioVersion = 17.4.33213.308
MinimumVisualStudioVersion = 10.0.40219.1
Project("{FAE04EC0-301F-11D3-BF4B-00C04F79EFBC}") = "PrvniAplikace", "PrvniAplikace\PrvniAplikace.csproj", "{15E02B18-18A7-473E-BD14-35D005F1D09D}"
EndProject
Global
	GlobalSection(SolutionConfigurationPlatforms) = preSolution
		Debug|Any CPU = Debug|Any CPU
		Release|Any CPU = Release|Any CPU
	EndGlobalSection
	GlobalSection(ProjectConfigurationPlatforms) = postSolution
		{15E02B18-18A7-473E-BD14-35D005F1D09D}.Debug|Any CPU.ActiveCfg = Debug|Any CPU
		{15E02B18-18A7-473E-BD14-35D005F1D09D}.Debug|Any CPU.Build.0 = Debug|Any CPU
		{15E02B18-18A7-473E-BD14-35D005F1D09D}.Release|Any CPU.ActiveCfg = Release|Any CPU
		{15E02B18-18A7-473E-BD14-35D005F1D09D}.Release|Any CPU.Build.0 = Release|Any CPU
	EndGlobalSection
	GlobalSection(SolutionProperties) = preSolution
		HideSolutionNode = FALSE
	EndGlobalSection
	GlobalSection(ExtensibilityGlobals) = postSolution
		SolutionGuid = {FF354ABA-29FC-4477-A154-EB95971EC0F7}
	EndGlobalSection
EndGlobal
